
Microsoft Visual Studio Solution File, Format Version 12.00
# Visual Studio Version 17
VisualStudioVersion = 17.3.32819.101
MinimumVisualStudioVersion = 10.0.40219.1
Project("{2150E333-8FDC-42A3-9474-1A3956D46DE8}") = "src", "src", "{A43A8A45-E68B-4FF6-9EC2-0C59A87ECFA3}"
EndProject
Project("{2150E333-8FDC-42A3-9474-1A3956D46DE8}") = "tests", "tests", "{E89DED7A-FA98-4269-A996-CBB01AD34A4F}"
EndProject
Project("{9A19103F-16F7-4668-BE54-9A1E7A4F7556}") = "AplicationTest", "tests\AplicationTest\AplicationTest.csproj", "{56ED8C58-6B62-4CCB-97B4-41F15923740C}"
EndProject
Project("{FAE04EC0-301F-11D3-BF4B-00C04F79EFBC}") = "MQClient", "src\MQClient\MQClient.csproj", "{B8BD7051-CD30-4EDE-A053-39B82913E69F}"
EndProject
Project("{2150E333-8FDC-42A3-9474-1A3956D46DE8}") = "Solution Items", "Solution Items", "{C1192112-7DBD-4A7F-BBBC-D2DFDC146EEC}"
	ProjectSection(SolutionItems) = preProject
		.editorconfig = .editorconfig
	EndProjectSection
EndProject
Project("{2150E333-8FDC-42A3-9474-1A3956D46DE8}") = "Infrastructure", "Infrastructure", "{E757C01A-5DFB-4A18-9898-EFA42804F7F2}"
EndProject
Project("{9A19103F-16F7-4668-BE54-9A1E7A4F7556}") = "Identity", "src\Infrastructure\Identity\Identity.csproj", "{AE6E2698-7D8F-40CE-90E5-E4E6FC076A58}"
EndProject
Project("{2150E333-8FDC-42A3-9474-1A3956D46DE8}") = "Services", "Services", "{ABC5A937-817B-4412-AB87-78EA37A65E73}"
EndProject
Project("{2150E333-8FDC-42A3-9474-1A3956D46DE8}") = "Server", "Server", "{CF357214-5415-4087-892F-10DEBF8E299E}"
EndProject
Project("{9A19103F-16F7-4668-BE54-9A1E7A4F7556}") = "Application", "src\Services\Application\Application.csproj", "{BD745AFC-CA34-41F8-9EF2-338D4A057AD1}"
EndProject
Project("{9A19103F-16F7-4668-BE54-9A1E7A4F7556}") = "WebApi", "src\Services\WebApi\WebApi.csproj", "{74E6FB49-9B41-49A4-AD6F-34138659A237}"
EndProject
Project("{9A19103F-16F7-4668-BE54-9A1E7A4F7556}") = "BFF.Api", "src\Server\BFF.Api\BFF.Api.csproj", "{004A77A6-1CC4-4F25-88B3-C1000204EE51}"
EndProject
Project("{9A19103F-16F7-4668-BE54-9A1E7A4F7556}") = "Server", "src\Server\Server\Server.csproj", "{2A36341A-12CC-4BBE-80CC-7454D48E24FB}"
EndProject
Project("{2150E333-8FDC-42A3-9474-1A3956D46DE8}") = "OwenAgent", "OwenAgent", "{78373763-3B27-49A0-B4AD-83D9C92B4F58}"
EndProject
Global
	GlobalSection(SolutionConfigurationPlatforms) = preSolution
		Debug|Any CPU = Debug|Any CPU
		Release|Any CPU = Release|Any CPU
	EndGlobalSection
	GlobalSection(ProjectConfigurationPlatforms) = postSolution
		{56ED8C58-6B62-4CCB-97B4-41F15923740C}.Debug|Any CPU.ActiveCfg = Debug|Any CPU
		{56ED8C58-6B62-4CCB-97B4-41F15923740C}.Debug|Any CPU.Build.0 = Debug|Any CPU
		{56ED8C58-6B62-4CCB-97B4-41F15923740C}.Release|Any CPU.ActiveCfg = Release|Any CPU
		{56ED8C58-6B62-4CCB-97B4-41F15923740C}.Release|Any CPU.Build.0 = Release|Any CPU
		{B8BD7051-CD30-4EDE-A053-39B82913E69F}.Debug|Any CPU.ActiveCfg = Debug|Any CPU
		{B8BD7051-CD30-4EDE-A053-39B82913E69F}.Debug|Any CPU.Build.0 = Debug|Any CPU
		{B8BD7051-CD30-4EDE-A053-39B82913E69F}.Release|Any CPU.ActiveCfg = Release|Any CPU
		{B8BD7051-CD30-4EDE-A053-39B82913E69F}.Release|Any CPU.Build.0 = Release|Any CPU
		{AE6E2698-7D8F-40CE-90E5-E4E6FC076A58}.Debug|Any CPU.ActiveCfg = Debug|Any CPU
		{AE6E2698-7D8F-40CE-90E5-E4E6FC076A58}.Debug|Any CPU.Build.0 = Debug|Any CPU
		{AE6E2698-7D8F-40CE-90E5-E4E6FC076A58}.Release|Any CPU.ActiveCfg = Release|Any CPU
		{AE6E2698-7D8F-40CE-90E5-E4E6FC076A58}.Release|Any CPU.Build.0 = Release|Any CPU
		{BD745AFC-CA34-41F8-9EF2-338D4A057AD1}.Debug|Any CPU.ActiveCfg = Debug|Any CPU
		{BD745AFC-CA34-41F8-9EF2-338D4A057AD1}.Debug|Any CPU.Build.0 = Debug|Any CPU
		{BD745AFC-CA34-41F8-9EF2-338D4A057AD1}.Release|Any CPU.ActiveCfg = Release|Any CPU
		{BD745AFC-CA34-41F8-9EF2-338D4A057AD1}.Release|Any CPU.Build.0 = Release|Any CPU
		{74E6FB49-9B41-49A4-AD6F-34138659A237}.Debug|Any CPU.ActiveCfg = Debug|Any CPU
		{74E6FB49-9B41-49A4-AD6F-34138659A237}.Debug|Any CPU.Build.0 = Debug|Any CPU
		{74E6FB49-9B41-49A4-AD6F-34138659A237}.Release|Any CPU.ActiveCfg = Release|Any CPU
		{74E6FB49-9B41-49A4-AD6F-34138659A237}.Release|Any CPU.Build.0 = Release|Any CPU
		{004A77A6-1CC4-4F25-88B3-C1000204EE51}.Debug|Any CPU.ActiveCfg = Debug|Any CPU
		{004A77A6-1CC4-4F25-88B3-C1000204EE51}.Debug|Any CPU.Build.0 = Debug|Any CPU
		{004A77A6-1CC4-4F25-88B3-C1000204EE51}.Release|Any CPU.ActiveCfg = Release|Any CPU
		{004A77A6-1CC4-4F25-88B3-C1000204EE51}.Release|Any CPU.Build.0 = Release|Any CPU
		{2A36341A-12CC-4BBE-80CC-7454D48E24FB}.Debug|Any CPU.ActiveCfg = Debug|Any CPU
		{2A36341A-12CC-4BBE-80CC-7454D48E24FB}.Debug|Any CPU.Build.0 = Debug|Any CPU
		{2A36341A-12CC-4BBE-80CC-7454D48E24FB}.Release|Any CPU.ActiveCfg = Release|Any CPU
		{2A36341A-12CC-4BBE-80CC-7454D48E24FB}.Release|Any CPU.Build.0 = Release|Any CPU
	EndGlobalSection
	GlobalSection(SolutionProperties) = preSolution
		HideSolutionNode = FALSE
	EndGlobalSection
	GlobalSection(NestedProjects) = preSolution
		{56ED8C58-6B62-4CCB-97B4-41F15923740C} = {E89DED7A-FA98-4269-A996-CBB01AD34A4F}
		{B8BD7051-CD30-4EDE-A053-39B82913E69F} = {A43A8A45-E68B-4FF6-9EC2-0C59A87ECFA3}
		{E757C01A-5DFB-4A18-9898-EFA42804F7F2} = {A43A8A45-E68B-4FF6-9EC2-0C59A87ECFA3}
		{AE6E2698-7D8F-40CE-90E5-E4E6FC076A58} = {E757C01A-5DFB-4A18-9898-EFA42804F7F2}
		{ABC5A937-817B-4412-AB87-78EA37A65E73} = {A43A8A45-E68B-4FF6-9EC2-0C59A87ECFA3}
		{CF357214-5415-4087-892F-10DEBF8E299E} = {A43A8A45-E68B-4FF6-9EC2-0C59A87ECFA3}
		{BD745AFC-CA34-41F8-9EF2-338D4A057AD1} = {78373763-3B27-49A0-B4AD-83D9C92B4F58}
		{74E6FB49-9B41-49A4-AD6F-34138659A237} = {78373763-3B27-49A0-B4AD-83D9C92B4F58}
		{004A77A6-1CC4-4F25-88B3-C1000204EE51} = {CF357214-5415-4087-892F-10DEBF8E299E}
		{2A36341A-12CC-4BBE-80CC-7454D48E24FB} = {CF357214-5415-4087-892F-10DEBF8E299E}
		{78373763-3B27-49A0-B4AD-83D9C92B4F58} = {ABC5A937-817B-4412-AB87-78EA37A65E73}
	EndGlobalSection
	GlobalSection(ExtensibilityGlobals) = postSolution
		SolutionGuid = {97C371B7-7A8C-4BCA-988F-F8B72CAC1580}
	EndGlobalSection
EndGlobal
